
Microsoft Visual Studio Solution File, Format Version 12.00
# Visual Studio Version 16
VisualStudioVersion = 16.0.31613.86
MinimumVisualStudioVersion = 10.0.40219.1
Project("{8BC9CEB8-8B4A-11D0-8D11-00A0C91BC942}") = "Baekjoon", "Baekjoon\Baekjoon.vcxproj", "{0E761645-4D78-4E6F-83F2-3A499884E42F}"
EndProject
Global
	GlobalSection(SolutionConfigurationPlatforms) = preSolution
		Debug|x64 = Debug|x64
		Debug|x86 = Debug|x86
		Release|x64 = Release|x64
		Release|x86 = Release|x86
	EndGlobalSection
	GlobalSection(ProjectConfigurationPlatforms) = postSolution
		{0E761645-4D78-4E6F-83F2-3A499884E42F}.Debug|x64.ActiveCfg = Debug|x64
		{0E761645-4D78-4E6F-83F2-3A499884E42F}.Debug|x64.Build.0 = Debug|x64
		{0E761645-4D78-4E6F-83F2-3A499884E42F}.Debug|x86.ActiveCfg = Debug|Win32
		{0E761645-4D78-4E6F-83F2-3A499884E42F}.Debug|x86.Build.0 = Debug|Win32
		{0E761645-4D78-4E6F-83F2-3A499884E42F}.Release|x64.ActiveCfg = Release|x64
		{0E761645-4D78-4E6F-83F2-3A499884E42F}.Release|x64.Build.0 = Release|x64
		{0E761645-4D78-4E6F-83F2-3A499884E42F}.Release|x86.ActiveCfg = Release|Win32
		{0E761645-4D78-4E6F-83F2-3A499884E42F}.Release|x86.Build.0 = Release|Win32
	EndGlobalSection
	GlobalSection(SolutionProperties) = preSolution
		HideSolutionNode = FALSE
	EndGlobalSection
	GlobalSection(ExtensibilityGlobals) = postSolution
		SolutionGuid = {F5A054FF-3EFE-4D0B-AD65-5CE98973A95E}
	EndGlobalSection
EndGlobal
